
Microsoft Visual Studio Solution File, Format Version 12.00
# Visual Studio Version 17
VisualStudioVersion = 17.14.36429.23
MinimumVisualStudioVersion = 10.0.40219.1
Project("{9A19103F-16F7-4668-BE54-9A1E7A4F7556}") = "ShopQueue", "ShopQueue.csproj", "{CEEE2D59-6419-4F0D-9C19-1984175254B4}"
EndProject
Project("{FAE04EC0-301F-11D3-BF4B-00C04F79EFBC}") = "Core", "..\Core\Core.csproj", "{067E14FC-DB11-4958-B3CD-0B9772F4BF7C}"
EndProject
Project("{FAE04EC0-301F-11D3-BF4B-00C04F79EFBC}") = "Logic", "..\Logic\Logic.csproj", "{2BE92620-8B94-40FE-9FFD-516FA9857C7A}"
EndProject
Global
	GlobalSection(SolutionConfigurationPlatforms) = preSolution
		Debug|Any CPU = Debug|Any CPU
		Release|Any CPU = Release|Any CPU
	EndGlobalSection
	GlobalSection(ProjectConfigurationPlatforms) = postSolution
		{CEEE2D59-6419-4F0D-9C19-1984175254B4}.Debug|Any CPU.ActiveCfg = Debug|Any CPU
		{CEEE2D59-6419-4F0D-9C19-1984175254B4}.Debug|Any CPU.Build.0 = Debug|Any CPU
		{CEEE2D59-6419-4F0D-9C19-1984175254B4}.Release|Any CPU.ActiveCfg = Release|Any CPU
		{CEEE2D59-6419-4F0D-9C19-1984175254B4}.Release|Any CPU.Build.0 = Release|Any CPU
		{067E14FC-DB11-4958-B3CD-0B9772F4BF7C}.Debug|Any CPU.ActiveCfg = Debug|Any CPU
		{067E14FC-DB11-4958-B3CD-0B9772F4BF7C}.Debug|Any CPU.Build.0 = Debug|Any CPU
		{067E14FC-DB11-4958-B3CD-0B9772F4BF7C}.Release|Any CPU.ActiveCfg = Release|Any CPU
		{067E14FC-DB11-4958-B3CD-0B9772F4BF7C}.Release|Any CPU.Build.0 = Release|Any CPU
		{2BE92620-8B94-40FE-9FFD-516FA9857C7A}.Debug|Any CPU.ActiveCfg = Debug|Any CPU
		{2BE92620-8B94-40FE-9FFD-516FA9857C7A}.Debug|Any CPU.Build.0 = Debug|Any CPU
		{2BE92620-8B94-40FE-9FFD-516FA9857C7A}.Release|Any CPU.ActiveCfg = Release|Any CPU
		{2BE92620-8B94-40FE-9FFD-516FA9857C7A}.Release|Any CPU.Build.0 = Release|Any CPU
	EndGlobalSection
	GlobalSection(SolutionProperties) = preSolution
		HideSolutionNode = FALSE
	EndGlobalSection
	GlobalSection(ExtensibilityGlobals) = postSolution
		SolutionGuid = {CDD0AF0D-C079-4679-BA5C-0197DDF87BB1}
	EndGlobalSection
EndGlobal
